
Microsoft Visual Studio Solution File, Format Version 11.00
# Visual Studio Version 17

Project("{8BC9CEB8-8B4A-11D0-8D11-00A0C91BC942}") = "ocnet - VST3", "ocnet_VST3.vcxproj", "{3BC0BAA9-2E99-9FB7-65A2-6692912B2FC5}"
	ProjectSection(ProjectDependencies) = postProject
		{8F9AE56A-8D2A-4B1F-759D-F2F8BBD04140} = {8F9AE56A-8D2A-4B1F-759D-F2F8BBD04140}
		{C55D393F-BF68-4510-D316-8829F0AB9060} = {C55D393F-BF68-4510-D316-8829F0AB9060}
	EndProjectSection
EndProject
Project("{8BC9CEB8-8B4A-11D0-8D11-00A0C91BC942}") = "ocnet - Shared Code", "ocnet_SharedCode.vcxproj", "{8F9AE56A-8D2A-4B1F-759D-F2F8BBD04140}"
EndProject
Project("{8BC9CEB8-8B4A-11D0-8D11-00A0C91BC942}") = "ocnet - VST3 Manifest Helper", "ocnet_VST3ManifestHelper.vcxproj", "{C55D393F-BF68-4510-D316-8829F0AB9060}"
EndProject
Global
	GlobalSection(SolutionConfigurationPlatforms) = preSolution
		Debug|x64 = Debug|x64
		Release|x64 = Release|x64
	EndGlobalSection
	GlobalSection(ProjectConfigurationPlatforms) = postSolution
		{3BC0BAA9-2E99-9FB7-65A2-6692912B2FC5}.Debug|x64.ActiveCfg = Debug|x64
		{3BC0BAA9-2E99-9FB7-65A2-6692912B2FC5}.Debug|x64.Build.0 = Debug|x64
		{3BC0BAA9-2E99-9FB7-65A2-6692912B2FC5}.Release|x64.ActiveCfg = Release|x64
		{3BC0BAA9-2E99-9FB7-65A2-6692912B2FC5}.Release|x64.Build.0 = Release|x64
		{8F9AE56A-8D2A-4B1F-759D-F2F8BBD04140}.Debug|x64.ActiveCfg = Debug|x64
		{8F9AE56A-8D2A-4B1F-759D-F2F8BBD04140}.Debug|x64.Build.0 = Debug|x64
		{8F9AE56A-8D2A-4B1F-759D-F2F8BBD04140}.Release|x64.ActiveCfg = Release|x64
		{8F9AE56A-8D2A-4B1F-759D-F2F8BBD04140}.Release|x64.Build.0 = Release|x64
		{C55D393F-BF68-4510-D316-8829F0AB9060}.Debug|x64.ActiveCfg = Debug|x64
		{C55D393F-BF68-4510-D316-8829F0AB9060}.Debug|x64.Build.0 = Debug|x64
		{C55D393F-BF68-4510-D316-8829F0AB9060}.Release|x64.ActiveCfg = Release|x64
		{C55D393F-BF68-4510-D316-8829F0AB9060}.Release|x64.Build.0 = Release|x64
	EndGlobalSection
	GlobalSection(SolutionProperties) = preSolution
		HideSolutionNode = FALSE
	EndGlobalSection
EndGlobal
